
Microsoft Visual Studio Solution File, Format Version 12.00
# Visual Studio Version 16
VisualStudioVersion = 16.0.30611.23
MinimumVisualStudioVersion = 10.0.40219.1
Project("{9A19103F-16F7-4668-BE54-9A1E7A4F7556}") = "Leads-Management-WebAPI", "Leads-Management-WebAPI\Leads-Management-WebAPI.csproj", "{C816BE2F-FFAE-445F-9DF7-5B20AC00329B}"
EndProject
Project("{FAE04EC0-301F-11D3-BF4B-00C04F79EFBC}") = "LeadManageAPI", "lead-management-webapi\LeadManageAPI.csproj", "{F2DA2F63-ACB5-43A9-AF78-7C24BAAE8CBB}"
EndProject
Global
	GlobalSection(SolutionConfigurationPlatforms) = preSolution
		Debug|Any CPU = Debug|Any CPU
		Release|Any CPU = Release|Any CPU
	EndGlobalSection
	GlobalSection(ProjectConfigurationPlatforms) = postSolution
		{C816BE2F-FFAE-445F-9DF7-5B20AC00329B}.Debug|Any CPU.ActiveCfg = Debug|Any CPU
		{C816BE2F-FFAE-445F-9DF7-5B20AC00329B}.Debug|Any CPU.Build.0 = Debug|Any CPU
		{C816BE2F-FFAE-445F-9DF7-5B20AC00329B}.Release|Any CPU.ActiveCfg = Release|Any CPU
		{C816BE2F-FFAE-445F-9DF7-5B20AC00329B}.Release|Any CPU.Build.0 = Release|Any CPU
		{F2DA2F63-ACB5-43A9-AF78-7C24BAAE8CBB}.Debug|Any CPU.ActiveCfg = Debug|Any CPU
		{F2DA2F63-ACB5-43A9-AF78-7C24BAAE8CBB}.Debug|Any CPU.Build.0 = Debug|Any CPU
		{F2DA2F63-ACB5-43A9-AF78-7C24BAAE8CBB}.Release|Any CPU.ActiveCfg = Release|Any CPU
		{F2DA2F63-ACB5-43A9-AF78-7C24BAAE8CBB}.Release|Any CPU.Build.0 = Release|Any CPU
	EndGlobalSection
	GlobalSection(SolutionProperties) = preSolution
		HideSolutionNode = FALSE
	EndGlobalSection
	GlobalSection(ExtensibilityGlobals) = postSolution
		SolutionGuid = {25CBF4F1-6E2A-4BE5-80DA-ED8FA31B1672}
	EndGlobalSection
EndGlobal
